
Microsoft Visual Studio Solution File, Format Version 12.00
# Visual Studio Version 17
VisualStudioVersion = 17.3.32929.385
MinimumVisualStudioVersion = 10.0.40219.1
Project("{9A19103F-16F7-4668-BE54-9A1E7A4F7556}") = "LightStudio Version 1.0.0", "LightStudio Version 1.0.0\LightStudio Version 1.0.0.csproj", "{F5546BE6-61A0-4356-AB77-96409C37139B}"
EndProject
Project("{FAE04EC0-301F-11D3-BF4B-00C04F79EFBC}") = "LightStudio.Core", "LightStudio.Core\LightStudio.Core.csproj", "{BE41BDCE-F9FC-43C7-AE51-FDDF37549486}"
EndProject
Project("{FAE04EC0-301F-11D3-BF4B-00C04F79EFBC}") = "LightStudio.Data", "LightStudio.Data\LightStudio.Data.csproj", "{AFC05BD9-790B-45E6-A431-079DF149C568}"
EndProject
Project("{FAE04EC0-301F-11D3-BF4B-00C04F79EFBC}") = "LightStudio.Helper", "LightStudio.Helper\LightStudio.Helper.csproj", "{FBF2AF57-CC00-4D13-AAB3-7DB0A6BCBA89}"
EndProject
Global
	GlobalSection(SolutionConfigurationPlatforms) = preSolution
		Debug|Any CPU = Debug|Any CPU
		Release|Any CPU = Release|Any CPU
	EndGlobalSection
	GlobalSection(ProjectConfigurationPlatforms) = postSolution
		{F5546BE6-61A0-4356-AB77-96409C37139B}.Debug|Any CPU.ActiveCfg = Debug|Any CPU
		{F5546BE6-61A0-4356-AB77-96409C37139B}.Debug|Any CPU.Build.0 = Debug|Any CPU
		{F5546BE6-61A0-4356-AB77-96409C37139B}.Release|Any CPU.ActiveCfg = Release|Any CPU
		{F5546BE6-61A0-4356-AB77-96409C37139B}.Release|Any CPU.Build.0 = Release|Any CPU
		{BE41BDCE-F9FC-43C7-AE51-FDDF37549486}.Debug|Any CPU.ActiveCfg = Debug|Any CPU
		{BE41BDCE-F9FC-43C7-AE51-FDDF37549486}.Debug|Any CPU.Build.0 = Debug|Any CPU
		{BE41BDCE-F9FC-43C7-AE51-FDDF37549486}.Release|Any CPU.ActiveCfg = Release|Any CPU
		{BE41BDCE-F9FC-43C7-AE51-FDDF37549486}.Release|Any CPU.Build.0 = Release|Any CPU
		{AFC05BD9-790B-45E6-A431-079DF149C568}.Debug|Any CPU.ActiveCfg = Debug|Any CPU
		{AFC05BD9-790B-45E6-A431-079DF149C568}.Debug|Any CPU.Build.0 = Debug|Any CPU
		{AFC05BD9-790B-45E6-A431-079DF149C568}.Release|Any CPU.ActiveCfg = Release|Any CPU
		{AFC05BD9-790B-45E6-A431-079DF149C568}.Release|Any CPU.Build.0 = Release|Any CPU
		{FBF2AF57-CC00-4D13-AAB3-7DB0A6BCBA89}.Debug|Any CPU.ActiveCfg = Debug|Any CPU
		{FBF2AF57-CC00-4D13-AAB3-7DB0A6BCBA89}.Debug|Any CPU.Build.0 = Debug|Any CPU
		{FBF2AF57-CC00-4D13-AAB3-7DB0A6BCBA89}.Release|Any CPU.ActiveCfg = Release|Any CPU
		{FBF2AF57-CC00-4D13-AAB3-7DB0A6BCBA89}.Release|Any CPU.Build.0 = Release|Any CPU
	EndGlobalSection
	GlobalSection(SolutionProperties) = preSolution
		HideSolutionNode = FALSE
	EndGlobalSection
	GlobalSection(ExtensibilityGlobals) = postSolution
		SolutionGuid = {84EAB6DD-DFA2-415C-837A-824857367812}
	EndGlobalSection
EndGlobal
